// !$*UTF8*$!
{
	archiveVersion = 1;
	classes = {
	};
	objectVersion = 46;
	objects = {

/* Begin PBXBuildFile section */
		1C2D6A021DDF298D00A1592E /* AppDelegate.swift in Sources */ = {isa = PBXBuildFile; fileRef = 1C2D6A011DDF298D00A1592E /* AppDelegate.swift */; };
		1C2D6A041DDF298D00A1592E /* ViewController.swift in Sources */ = {isa = PBXBuildFile; fileRef = 1C2D6A031DDF298D00A1592E /* ViewController.swift */; };
		1C2D6A071DDF298D00A1592E /* Main.storyboard in Resources */ = {isa = PBXBuildFile; fileRef = 1C2D6A051DDF298D00A1592E /* Main.storyboard */; };
		1C2D6A091DDF298D00A1592E /* Assets.xcassets in Resources */ = {isa = PBXBuildFile; fileRef = 1C2D6A081DDF298D00A1592E /* Assets.xcassets */; };
		1C2D6A0C1DDF298D00A1592E /* LaunchScreen.storyboard in Resources */ = {isa = PBXBuildFile; fileRef = 1C2D6A0A1DDF298D00A1592E /* LaunchScreen.storyboard */; };
		1C2D6A171DDF298D00A1592E /* BonfireTests.swift in Sources */ = {isa = PBXBuildFile; fileRef = 1C2D6A161DDF298D00A1592E /* BonfireTests.swift */; };
		1C2D6A221DDF298D00A1592E /* BonfireUITests.swift in Sources */ = {isa = PBXBuildFile; fileRef = 1C2D6A211DDF298D00A1592E /* BonfireUITests.swift */; };
		89B1B236F5B08B1AFD27F4E6 /* Pods_BonfireUITests.framework in Frameworks */ = {isa = PBXBuildFile; fileRef = 7E30891D8AD8E780BF7B5670 /* Pods_BonfireUITests.framework */; };
		B1CC3FFE102906241464AB58 /* Pods_BonfireTests.framework in Frameworks */ = {isa = PBXBuildFile; fileRef = B97D4D5F4A5724DFD71EFEE8 /* Pods_BonfireTests.framework */; };
		B9E9AE2D0FC9537086C59124 /* Pods_Bonfire.framework in Frameworks */ = {isa = PBXBuildFile; fileRef = 8616677B76B427508D966FF0 /* Pods_Bonfire.framework */; };
/* End PBXBuildFile section */

/* Begin PBXContainerItemProxy section */
		1C2D6A131DDF298D00A1592E /* PBXContainerItemProxy */ = {
			isa = PBXContainerItemProxy;
			containerPortal = 1C2D69F61DDF298D00A1592E /* Project object */;
			proxyType = 1;
			remoteGlobalIDString = 1C2D69FD1DDF298D00A1592E;
			remoteInfo = Bonfire;
		};
		1C2D6A1E1DDF298D00A1592E /* PBXContainerItemProxy */ = {
			isa = PBXContainerItemProxy;
			containerPortal = 1C2D69F61DDF298D00A1592E /* Project object */;
			proxyType = 1;
			remoteGlobalIDString = 1C2D69FD1DDF298D00A1592E;
			remoteInfo = Bonfire;
		};
/* End PBXContainerItemProxy section */

/* Begin PBXFileReference section */
		1C2D69FE1DDF298D00A1592E /* Bonfire.app */ = {isa = PBXFileReference; explicitFileType = wrapper.application; includeInIndex = 0; path = Bonfire.app; sourceTree = BUILT_PRODUCTS_DIR; };
		1C2D6A011DDF298D00A1592E /* AppDelegate.swift */ = {isa = PBXFileReference; lastKnownFileType = sourcecode.swift; path = AppDelegate.swift; sourceTree = "<group>"; };
		1C2D6A031DDF298D00A1592E /* ViewController.swift */ = {isa = PBXFileReference; lastKnownFileType = sourcecode.swift; path = ViewController.swift; sourceTree = "<group>"; };
		1C2D6A061DDF298D00A1592E /* Base */ = {isa = PBXFileReference; lastKnownFileType = file.storyboard; name = Base; path = Base.lproj/Main.storyboard; sourceTree = "<group>"; };
		1C2D6A081DDF298D00A1592E /* Assets.xcassets */ = {isa = PBXFileReference; lastKnownFileType = folder.assetcatalog; path = Assets.xcassets; sourceTree = "<group>"; };
		1C2D6A0B1DDF298D00A1592E /* Base */ = {isa = PBXFileReference; lastKnownFileType = file.storyboard; name = Base; path = Base.lproj/LaunchScreen.storyboard; sourceTree = "<group>"; };
		1C2D6A0D1DDF298D00A1592E /* Info.plist */ = {isa = PBXFileReference; lastKnownFileType = text.plist.xml; path = Info.plist; sourceTree = "<group>"; };
		1C2D6A121DDF298D00A1592E /* BonfireTests.xctest */ = {isa = PBXFileReference; explicitFileType = wrapper.cfbundle; includeInIndex = 0; path = BonfireTests.xctest; sourceTree = BUILT_PRODUCTS_DIR; };
		1C2D6A161DDF298D00A1592E /* BonfireTests.swift */ = {isa = PBXFileReference; lastKnownFileType = sourcecode.swift; path = BonfireTests.swift; sourceTree = "<group>"; };
		1C2D6A181DDF298D00A1592E /* Info.plist */ = {isa = PBXFileReference; lastKnownFileType = text.plist.xml; path = Info.plist; sourceTree = "<group>"; };
		1C2D6A1D1DDF298D00A1592E /* BonfireUITests.xctest */ = {isa = PBXFileReference; explicitFileType = wrapper.cfbundle; includeInIndex = 0; path = BonfireUITests.xctest; sourceTree = BUILT_PRODUCTS_DIR; };
		1C2D6A211DDF298D00A1592E /* BonfireUITests.swift */ = {isa = PBXFileReference; lastKnownFileType = sourcecode.swift; path = BonfireUITests.swift; sourceTree = "<group>"; };
		1C2D6A231DDF298D00A1592E /* Info.plist */ = {isa = PBXFileReference; lastKnownFileType = text.plist.xml; path = Info.plist; sourceTree = "<group>"; };
		2A57E8A25233566F2BEE0152 /* Pods-Bonfire.release.xcconfig */ = {isa = PBXFileReference; includeInIndex = 1; lastKnownFileType = text.xcconfig; name = "Pods-Bonfire.release.xcconfig"; path = "Pods/Target Support Files/Pods-Bonfire/Pods-Bonfire.release.xcconfig"; sourceTree = "<group>"; };
		5D60452C3C29DECF6F5D0370 /* Pods-BonfireUITests.release.xcconfig */ = {isa = PBXFileReference; includeInIndex = 1; lastKnownFileType = text.xcconfig; name = "Pods-BonfireUITests.release.xcconfig"; path = "Pods/Target Support Files/Pods-BonfireUITests/Pods-BonfireUITests.release.xcconfig"; sourceTree = "<group>"; };
		7E30891D8AD8E780BF7B5670 /* Pods_BonfireUITests.framework */ = {isa = PBXFileReference; explicitFileType = wrapper.framework; includeInIndex = 0; path = Pods_BonfireUITests.framework; sourceTree = BUILT_PRODUCTS_DIR; };
		8616677B76B427508D966FF0 /* Pods_Bonfire.framework */ = {isa = PBXFileReference; explicitFileType = wrapper.framework; includeInIndex = 0; path = Pods_Bonfire.framework; sourceTree = BUILT_PRODUCTS_DIR; };
		AE03EB150C62D4EE4B36FF5E /* Pods-BonfireTests.release.xcconfig */ = {isa = PBXFileReference; includeInIndex = 1; lastKnownFileType = text.xcconfig; name = "Pods-BonfireTests.release.xcconfig"; path = "Pods/Target Support Files/Pods-BonfireTests/Pods-BonfireTests.release.xcconfig"; sourceTree = "<group>"; };
		B2AB9A4430EE68819F1F2C37 /* Pods-BonfireTests.debug.xcconfig */ = {isa = PBXFileReference; includeInIndex = 1; lastKnownFileType = text.xcconfig; name = "Pods-BonfireTests.debug.xcconfig"; path = "Pods/Target Support Files/Pods-BonfireTests/Pods-BonfireTests.debug.xcconfig"; sourceTree = "<group>"; };
		B97D4D5F4A5724DFD71EFEE8 /* Pods_BonfireTests.framework */ = {isa = PBXFileReference; explicitFileType = wrapper.framework; includeInIndex = 0; path = Pods_BonfireTests.framework; sourceTree = BUILT_PRODUCTS_DIR; };
		BEB6712533424DBC4EF5AFF2 /* Pods-BonfireUITests.debug.xcconfig */ = {isa = PBXFileReference; includeInIndex = 1; lastKnownFileType = text.xcconfig; name = "Pods-BonfireUITests.debug.xcconfig"; path = "Pods/Target Support Files/Pods-BonfireUITests/Pods-BonfireUITests.debug.xcconfig"; sourceTree = "<group>"; };
		C0325655CCC8D1E2656D3916 /* Pods-Bonfire.debug.xcconfig */ = {isa = PBXFileReference; includeInIndex = 1; lastKnownFileType = text.xcconfig; name = "Pods-Bonfire.debug.xcconfig"; path = "Pods/Target Support Files/Pods-Bonfire/Pods-Bonfire.debug.xcconfig"; sourceTree = "<group>"; };
/* End PBXFileReference section */

/* Begin PBXFrameworksBuildPhase section */
		1C2D69FB1DDF298D00A1592E /* Frameworks */ = {
			isa = PBXFrameworksBuildPhase;
			buildActionMask = 2147483647;
			files = (
				B9E9AE2D0FC9537086C59124 /* Pods_Bonfire.framework in Frameworks */,
			);
			runOnlyForDeploymentPostprocessing = 0;
		};
		1C2D6A0F1DDF298D00A1592E /* Frameworks */ = {
			isa = PBXFrameworksBuildPhase;
			buildActionMask = 2147483647;
			files = (
				B1CC3FFE102906241464AB58 /* Pods_BonfireTests.framework in Frameworks */,
			);
			runOnlyForDeploymentPostprocessing = 0;
		};
		1C2D6A1A1DDF298D00A1592E /* Frameworks */ = {
			isa = PBXFrameworksBuildPhase;
			buildActionMask = 2147483647;
			files = (
				89B1B236F5B08B1AFD27F4E6 /* Pods_BonfireUITests.framework in Frameworks */,
			);
			runOnlyForDeploymentPostprocessing = 0;
		};
/* End PBXFrameworksBuildPhase section */

/* Begin PBXGroup section */
		1720B47E760199FAA2C7CE3A /* Frameworks */ = {
			isa = PBXGroup;
			children = (
				8616677B76B427508D966FF0 /* Pods_Bonfire.framework */,
				B97D4D5F4A5724DFD71EFEE8 /* Pods_BonfireTests.framework */,
				7E30891D8AD8E780BF7B5670 /* Pods_BonfireUITests.framework */,
			);
			name = Frameworks;
			sourceTree = "<group>";
		};
		1C2D69F51DDF298D00A1592E = {
			isa = PBXGroup;
			children = (
				1C2D6A001DDF298D00A1592E /* Bonfire */,
				1C2D6A151DDF298D00A1592E /* BonfireTests */,
				1C2D6A201DDF298D00A1592E /* BonfireUITests */,
				1C2D69FF1DDF298D00A1592E /* Products */,
				E9261B12E6105600805DCBB6 /* Pods */,
				1720B47E760199FAA2C7CE3A /* Frameworks */,
			);
			sourceTree = "<group>";
		};
		1C2D69FF1DDF298D00A1592E /* Products */ = {
			isa = PBXGroup;
			children = (
				1C2D69FE1DDF298D00A1592E /* Bonfire.app */,
				1C2D6A121DDF298D00A1592E /* BonfireTests.xctest */,
				1C2D6A1D1DDF298D00A1592E /* BonfireUITests.xctest */,
			);
			name = Products;
			sourceTree = "<group>";
		};
		1C2D6A001DDF298D00A1592E /* Bonfire */ = {
			isa = PBXGroup;
			children = (
				1C2D6A011DDF298D00A1592E /* AppDelegate.swift */,
				1C2D6A031DDF298D00A1592E /* ViewController.swift */,
				1C2D6A051DDF298D00A1592E /* Main.storyboard */,
				1C2D6A081DDF298D00A1592E /* Assets.xcassets */,
				1C2D6A0A1DDF298D00A1592E /* LaunchScreen.storyboard */,
				1C2D6A0D1DDF298D00A1592E /* Info.plist */,
			);
			path = Bonfire;
			sourceTree = "<group>";
		};
		1C2D6A151DDF298D00A1592E /* BonfireTests */ = {
			isa = PBXGroup;
			children = (
				1C2D6A161DDF298D00A1592E /* BonfireTests.swift */,
				1C2D6A181DDF298D00A1592E /* Info.plist */,
			);
			path = BonfireTests;
			sourceTree = "<group>";
		};
		1C2D6A201DDF298D00A1592E /* BonfireUITests */ = {
			isa = PBXGroup;
			children = (
				1C2D6A211DDF298D00A1592E /* BonfireUITests.swift */,
				1C2D6A231DDF298D00A1592E /* Info.plist */,
			);
			path = BonfireUITests;
			sourceTree = "<group>";
		};
		E9261B12E6105600805DCBB6 /* Pods */ = {
			isa = PBXGroup;
			children = (
				C0325655CCC8D1E2656D3916 /* Pods-Bonfire.debug.xcconfig */,
				2A57E8A25233566F2BEE0152 /* Pods-Bonfire.release.xcconfig */,
				B2AB9A4430EE68819F1F2C37 /* Pods-BonfireTests.debug.xcconfig */,
				AE03EB150C62D4EE4B36FF5E /* Pods-BonfireTests.release.xcconfig */,
				BEB6712533424DBC4EF5AFF2 /* Pods-BonfireUITests.debug.xcconfig */,
				5D60452C3C29DECF6F5D0370 /* Pods-BonfireUITests.release.xcconfig */,
			);
			name = Pods;
			sourceTree = "<group>";
		};
/* End PBXGroup section */

/* Begin PBXNativeTarget section */
		1C2D69FD1DDF298D00A1592E /* Bonfire */ = {
			isa = PBXNativeTarget;
			buildConfigurationList = 1C2D6A261DDF298D00A1592E /* Build configuration list for PBXNativeTarget "Bonfire" */;
			buildPhases = (
				A29F7CA726C2E0A02E267819 /* [CP] Check Pods Manifest.lock */,
				1C2D69FA1DDF298D00A1592E /* Sources */,
				1C2D69FB1DDF298D00A1592E /* Frameworks */,
				1C2D69FC1DDF298D00A1592E /* Resources */,
				CE9C032D70D48D83D9788054 /* [CP] Embed Pods Frameworks */,
				06F64C203798C8EC68E6742B /* [CP] Copy Pods Resources */,
			);
			buildRules = (
			);
			dependencies = (
			);
			name = Bonfire;
			productName = Bonfire;
			productReference = 1C2D69FE1DDF298D00A1592E /* Bonfire.app */;
			productType = "com.apple.product-type.application";
		};
		1C2D6A111DDF298D00A1592E /* BonfireTests */ = {
			isa = PBXNativeTarget;
			buildConfigurationList = 1C2D6A291DDF298D00A1592E /* Build configuration list for PBXNativeTarget "BonfireTests" */;
			buildPhases = (
				3441ADC914C08C8BBAC85629 /* [CP] Check Pods Manifest.lock */,
				1C2D6A0E1DDF298D00A1592E /* Sources */,
				1C2D6A0F1DDF298D00A1592E /* Frameworks */,
				1C2D6A101DDF298D00A1592E /* Resources */,
				7AA72173075FF5E72355AD11 /* [CP] Embed Pods Frameworks */,
				4CF868964A8E6CB118AB4F79 /* [CP] Copy Pods Resources */,
			);
			buildRules = (
			);
			dependencies = (
				1C2D6A141DDF298D00A1592E /* PBXTargetDependency */,
			);
			name = BonfireTests;
			productName = BonfireTests;
			productReference = 1C2D6A121DDF298D00A1592E /* BonfireTests.xctest */;
			productType = "com.apple.product-type.bundle.unit-test";
		};
		1C2D6A1C1DDF298D00A1592E /* BonfireUITests */ = {
			isa = PBXNativeTarget;
			buildConfigurationList = 1C2D6A2C1DDF298D00A1592E /* Build configuration list for PBXNativeTarget "BonfireUITests" */;
			buildPhases = (
				1576B798FD50060A2CBD1D64 /* [CP] Check Pods Manifest.lock */,
				1C2D6A191DDF298D00A1592E /* Sources */,
				1C2D6A1A1DDF298D00A1592E /* Frameworks */,
				1C2D6A1B1DDF298D00A1592E /* Resources */,
				E7503FE369CE593F878AE250 /* [CP] Embed Pods Frameworks */,
				F6A0C008C829220D4A328324 /* [CP] Copy Pods Resources */,
			);
			buildRules = (
			);
			dependencies = (
				1C2D6A1F1DDF298D00A1592E /* PBXTargetDependency */,
			);
			name = BonfireUITests;
			productName = BonfireUITests;
			productReference = 1C2D6A1D1DDF298D00A1592E /* BonfireUITests.xctest */;
			productType = "com.apple.product-type.bundle.ui-testing";
		};
/* End PBXNativeTarget section */

/* Begin PBXProject section */
		1C2D69F61DDF298D00A1592E /* Project object */ = {
			isa = PBXProject;
			attributes = {
				LastSwiftUpdateCheck = 0810;
				LastUpgradeCheck = 0810;
				ORGANIZATIONNAME = "Jake Dorne";
				TargetAttributes = {
					1C2D69FD1DDF298D00A1592E = {
						CreatedOnToolsVersion = 8.1;
						DevelopmentTeam = XG5JYTQA2M;
						ProvisioningStyle = Automatic;
					};
					1C2D6A111DDF298D00A1592E = {
						CreatedOnToolsVersion = 8.1;
						DevelopmentTeam = XG5JYTQA2M;
						ProvisioningStyle = Automatic;
						TestTargetID = 1C2D69FD1DDF298D00A1592E;
					};
					1C2D6A1C1DDF298D00A1592E = {
						CreatedOnToolsVersion = 8.1;
						DevelopmentTeam = XG5JYTQA2M;
						ProvisioningStyle = Automatic;
						TestTargetID = 1C2D69FD1DDF298D00A1592E;
					};
				};
			};
			buildConfigurationList = 1C2D69F91DDF298D00A1592E /* Build configuration list for PBXProject "Bonfire" */;
			compatibilityVersion = "Xcode 3.2";
			developmentRegion = English;
			hasScannedForEncodings = 0;
			knownRegions = (
				en,
				Base,
			);
			mainGroup = 1C2D69F51DDF298D00A1592E;
			productRefGroup = 1C2D69FF1DDF298D00A1592E /* Products */;
			projectDirPath = "";
			projectRoot = "";
			targets = (
				1C2D69FD1DDF298D00A1592E /* Bonfire */,
				1C2D6A111DDF298D00A1592E /* BonfireTests */,
				1C2D6A1C1DDF298D00A1592E /* BonfireUITests */,
			);
		};
/* End PBXProject section */

/* Begin PBXResourcesBuildPhase section */
		1C2D69FC1DDF298D00A1592E /* Resources */ = {
			isa = PBXResourcesBuildPhase;
			buildActionMask = 2147483647;
			files = (
				1C2D6A0C1DDF298D00A1592E /* LaunchScreen.storyboard in Resources */,
				1C2D6A091DDF298D00A1592E /* Assets.xcassets in Resources */,
				1C2D6A071DDF298D00A1592E /* Main.storyboard in Resources */,
			);
			runOnlyForDeploymentPostprocessing = 0;
		};
		1C2D6A101DDF298D00A1592E /* Resources */ = {
			isa = PBXResourcesBuildPhase;
			buildActionMask = 2147483647;
			files = (
			);
			runOnlyForDeploymentPostprocessing = 0;
		};
		1C2D6A1B1DDF298D00A1592E /* Resources */ = {
			isa = PBXResourcesBuildPhase;
			buildActionMask = 2147483647;
			files = (
			);
			runOnlyForDeploymentPostprocessing = 0;
		};
/* End PBXResourcesBuildPhase section */

/* Begin PBXShellScriptBuildPhase section */
		06F64C203798C8EC68E6742B /* [CP] Copy Pods Resources */ = {
			isa = PBXShellScriptBuildPhase;
			buildActionMask = 2147483647;
			files = (
			);
			inputPaths = (
			);
			name = "[CP] Copy Pods Resources";
			outputPaths = (
			);
			runOnlyForDeploymentPostprocessing = 0;
			shellPath = /bin/sh;
			shellScript = "\"${SRCROOT}/Pods/Target Support Files/Pods-Bonfire/Pods-Bonfire-resources.sh\"\n";
			showEnvVarsInLog = 0;
		};
		1576B798FD50060A2CBD1D64 /* [CP] Check Pods Manifest.lock */ = {
			isa = PBXShellScriptBuildPhase;
			buildActionMask = 2147483647;
			files = (
			);
			inputPaths = (
			);
			name = "[CP] Check Pods Manifest.lock";
			outputPaths = (
			);
			runOnlyForDeploymentPostprocessing = 0;
			shellPath = /bin/sh;
			shellScript = "diff \"${PODS_ROOT}/../Podfile.lock\" \"${PODS_ROOT}/Manifest.lock\" > /dev/null\nif [ $? != 0 ] ; then\n    # print error to STDERR\n    echo \"error: The sandbox is not in sync with the Podfile.lock. Run 'pod install' or update your CocoaPods installation.\" >&2\n    exit 1\nfi\n";
			showEnvVarsInLog = 0;
		};
		3441ADC914C08C8BBAC85629 /* [CP] Check Pods Manifest.lock */ = {
			isa = PBXShellScriptBuildPhase;
			buildActionMask = 2147483647;
			files = (
			);
			inputPaths = (
			);
			name = "[CP] Check Pods Manifest.lock";
			outputPaths = (
			);
			runOnlyForDeploymentPostprocessing = 0;
			shellPath = /bin/sh;
			shellScript = "diff \"${PODS_ROOT}/../Podfile.lock\" \"${PODS_ROOT}/Manifest.lock\" > /dev/null\nif [ $? != 0 ] ; then\n    # print error to STDERR\n    echo \"error: The sandbox is not in sync with the Podfile.lock. Run 'pod install' or update your CocoaPods installation.\" >&2\n    exit 1\nfi\n";
			showEnvVarsInLog = 0;
		};
		4CF868964A8E6CB118AB4F79 /* [CP] Copy Pods Resources */ = {
			isa = PBXShellScriptBuildPhase;
			buildActionMask = 2147483647;
			files = (
			);
			inputPaths = (
			);
			name = "[CP] Copy Pods Resources";
			outputPaths = (
			);
			runOnlyForDeploymentPostprocessing = 0;
			shellPath = /bin/sh;
			shellScript = "\"${SRCROOT}/Pods/Target Support Files/Pods-BonfireTests/Pods-BonfireTests-resources.sh\"\n";
			showEnvVarsInLog = 0;
		};
		7AA72173075FF5E72355AD11 /* [CP] Embed Pods Frameworks */ = {
			isa = PBXShellScriptBuildPhase;
			buildActionMask = 2147483647;
			files = (
			);
			inputPaths = (
			);
			name = "[CP] Embed Pods Frameworks";
			outputPaths = (
			);
			runOnlyForDeploymentPostprocessing = 0;
			shellPath = /bin/sh;
			shellScript = "\"${SRCROOT}/Pods/Target Support Files/Pods-BonfireTests/Pods-BonfireTests-frameworks.sh\"\n";
			showEnvVarsInLog = 0;
		};
		A29F7CA726C2E0A02E267819 /* [CP] Check Pods Manifest.lock */ = {
			isa = PBXShellScriptBuildPhase;
			buildActionMask = 2147483647;
			files = (
			);
			inputPaths = (
			);
			name = "[CP] Check Pods Manifest.lock";
			outputPaths = (
			);
			runOnlyForDeploymentPostprocessing = 0;
			shellPath = /bin/sh;
			shellScript = "diff \"${PODS_ROOT}/../Podfile.lock\" \"${PODS_ROOT}/Manifest.lock\" > /dev/null\nif [ $? != 0 ] ; then\n    # print error to STDERR\n    echo \"error: The sandbox is not in sync with the Podfile.lock. Run 'pod install' or update your CocoaPods installation.\" >&2\n    exit 1\nfi\n";
			showEnvVarsInLog = 0;
		};
		CE9C032D70D48D83D9788054 /* [CP] Embed Pods Frameworks */ = {
			isa = PBXShellScriptBuildPhase;
			buildActionMask = 2147483647;
			files = (
			);
			inputPaths = (
			);
			name = "[CP] Embed Pods Frameworks";
			outputPaths = (
			);
			runOnlyForDeploymentPostprocessing = 0;
			shellPath = /bin/sh;
			shellScript = "\"${SRCROOT}/Pods/Target Support Files/Pods-Bonfire/Pods-Bonfire-frameworks.sh\"\n";
			showEnvVarsInLog = 0;
		};
		E7503FE369CE593F878AE250 /* [CP] Embed Pods Frameworks */ = {
			isa = PBXShellScriptBuildPhase;
			buildActionMask = 2147483647;
			files = (
			);
			inputPaths = (
			);
			name = "[CP] Embed Pods Frameworks";
			outputPaths = (
			);
			runOnlyForDeploymentPostprocessing = 0;
			shellPath = /bin/sh;
			shellScript = "\"${SRCROOT}/Pods/Target Support Files/Pods-BonfireUITests/Pods-BonfireUITests-frameworks.sh\"\n";
			showEnvVarsInLog = 0;
		};
		F6A0C008C829220D4A328324 /* [CP] Copy Pods Resources */ = {
			isa = PBXShellScriptBuildPhase;
			buildActionMask = 2147483647;
			files = (
			);
			inputPaths = (
			);
			name = "[CP] Copy Pods Resources";
			outputPaths = (
			);
			runOnlyForDeploymentPostprocessing = 0;
			shellPath = /bin/sh;
			shellScript = "\"${SRCROOT}/Pods/Target Support Files/Pods-BonfireUITests/Pods-BonfireUITests-resources.sh\"\n";
			showEnvVarsInLog = 0;
		};
/* End PBXShellScriptBuildPhase section */

/* Begin PBXSourcesBuildPhase section */
		1C2D69FA1DDF298D00A1592E /* Sources */ = {
			isa = PBXSourcesBuildPhase;
			buildActionMask = 2147483647;
			files = (
				1C2D6A041DDF298D00A1592E /* ViewController.swift in Sources */,
				1C2D6A021DDF298D00A1592E /* AppDelegate.swift in Sources */,
			);
			runOnlyForDeploymentPostprocessing = 0;
		};
		1C2D6A0E1DDF298D00A1592E /* Sources */ = {
			isa = PBXSourcesBuildPhase;
			buildActionMask = 2147483647;
			files = (
				1C2D6A171DDF298D00A1592E /* BonfireTests.swift in Sources */,
			);
			runOnlyForDeploymentPostprocessing = 0;
		};
		1C2D6A191DDF298D00A1592E /* Sources */ = {
			isa = PBXSourcesBuildPhase;
			buildActionMask = 2147483647;
			files = (
				1C2D6A221DDF298D00A1592E /* BonfireUITests.swift in Sources */,
			);
			runOnlyForDeploymentPostprocessing = 0;
		};
/* End PBXSourcesBuildPhase section */

/* Begin PBXTargetDependency section */
		1C2D6A141DDF298D00A1592E /* PBXTargetDependency */ = {
			isa = PBXTargetDependency;
			target = 1C2D69FD1DDF298D00A1592E /* Bonfire */;
			targetProxy = 1C2D6A131DDF298D00A1592E /* PBXContainerItemProxy */;
		};
		1C2D6A1F1DDF298D00A1592E /* PBXTargetDependency */ = {
			isa = PBXTargetDependency;
			target = 1C2D69FD1DDF298D00A1592E /* Bonfire */;
			targetProxy = 1C2D6A1E1DDF298D00A1592E /* PBXContainerItemProxy */;
		};
/* End PBXTargetDependency section */

/* Begin PBXVariantGroup section */
		1C2D6A051DDF298D00A1592E /* Main.storyboard */ = {
			isa = PBXVariantGroup;
			children = (
				1C2D6A061DDF298D00A1592E /* Base */,
			);
			name = Main.storyboard;
			sourceTree = "<group>";
		};
		1C2D6A0A1DDF298D00A1592E /* LaunchScreen.storyboard */ = {
			isa = PBXVariantGroup;
			children = (
				1C2D6A0B1DDF298D00A1592E /* Base */,
			);
			name = LaunchScreen.storyboard;
			sourceTree = "<group>";
		};
/* End PBXVariantGroup section */

/* Begin XCBuildConfiguration section */
		1C2D6A241DDF298D00A1592E /* Debug */ = {
			isa = XCBuildConfiguration;
			buildSettings = {
				ALWAYS_SEARCH_USER_PATHS = NO;
				CLANG_ANALYZER_NONNULL = YES;
				CLANG_CXX_LANGUAGE_STANDARD = "gnu++0x";
				CLANG_CXX_LIBRARY = "libc++";
				CLANG_ENABLE_MODULES = YES;
				CLANG_ENABLE_OBJC_ARC = YES;
				CLANG_WARN_BOOL_CONVERSION = YES;
				CLANG_WARN_CONSTANT_CONVERSION = YES;
				CLANG_WARN_DIRECT_OBJC_ISA_USAGE = YES_ERROR;
				CLANG_WARN_DOCUMENTATION_COMMENTS = YES;
				CLANG_WARN_EMPTY_BODY = YES;
				CLANG_WARN_ENUM_CONVERSION = YES;
				CLANG_WARN_INFINITE_RECURSION = YES;
				CLANG_WARN_INT_CONVERSION = YES;
				CLANG_WARN_OBJC_ROOT_CLASS = YES_ERROR;
				CLANG_WARN_SUSPICIOUS_MOVES = YES;
				CLANG_WARN_UNREACHABLE_CODE = YES;
				CLANG_WARN__DUPLICATE_METHOD_MATCH = YES;
				"CODE_SIGN_IDENTITY[sdk=iphoneos*]" = "iPhone Developer";
				COPY_PHASE_STRIP = NO;
				DEBUG_INFORMATION_FORMAT = dwarf;
				ENABLE_STRICT_OBJC_MSGSEND = YES;
				ENABLE_TESTABILITY = YES;
				GCC_C_LANGUAGE_STANDARD = gnu99;
				GCC_DYNAMIC_NO_PIC = NO;
				GCC_NO_COMMON_BLOCKS = YES;
				GCC_OPTIMIZATION_LEVEL = 0;
				GCC_PREPROCESSOR_DEFINITIONS = (
					"DEBUG=1",
					"$(inherited)",
				);
				GCC_WARN_64_TO_32_BIT_CONVERSION = YES;
				GCC_WARN_ABOUT_RETURN_TYPE = YES_ERROR;
				GCC_WARN_UNDECLARED_SELECTOR = YES;
				GCC_WARN_UNINITIALIZED_AUTOS = YES_AGGRESSIVE;
				GCC_WARN_UNUSED_FUNCTION = YES;
				GCC_WARN_UNUSED_VARIABLE = YES;
				IPHONEOS_DEPLOYMENT_TARGET = 10.1;
				MTL_ENABLE_DEBUG_INFO = YES;
				ONLY_ACTIVE_ARCH = YES;
				SDKROOT = iphoneos;
				SWIFT_ACTIVE_COMPILATION_CONDITIONS = DEBUG;
				SWIFT_OPTIMIZATION_LEVEL = "-Onone";
				TARGETED_DEVICE_FAMILY = "1,2";
			};
			name = Debug;
		};
		1C2D6A251DDF298D00A1592E /* Release */ = {
			isa = XCBuildConfiguration;
			buildSettings = {
				ALWAYS_SEARCH_USER_PATHS = NO;
				CLANG_ANALYZER_NONNULL = YES;
				CLANG_CXX_LANGUAGE_STANDARD = "gnu++0x";
				CLANG_CXX_LIBRARY = "libc++";
				CLANG_ENABLE_MODULES = YES;
				CLANG_ENABLE_OBJC_ARC = YES;
				CLANG_WARN_BOOL_CONVERSION = YES;
				CLANG_WARN_CONSTANT_CONVERSION = YES;
				CLANG_WARN_DIRECT_OBJC_ISA_USAGE = YES_ERROR;
				CLANG_WARN_DOCUMENTATION_COMMENTS = YES;
				CLANG_WARN_EMPTY_BODY = YES;
				CLANG_WARN_ENUM_CONVERSION = YES;
				CLANG_WARN_INFINITE_RECURSION = YES;
				CLANG_WARN_INT_CONVERSION = YES;
				CLANG_WARN_OBJC_ROOT_CLASS = YES_ERROR;
				CLANG_WARN_SUSPICIOUS_MOVES = YES;
				CLANG_WARN_UNREACHABLE_CODE = YES;
				CLANG_WARN__DUPLICATE_METHOD_MATCH = YES;
				"CODE_SIGN_IDENTITY[sdk=iphoneos*]" = "iPhone Developer";
				COPY_PHASE_STRIP = NO;
				DEBUG_INFORMATION_FORMAT = "dwarf-with-dsym";
				ENABLE_NS_ASSERTIONS = NO;
				ENABLE_STRICT_OBJC_MSGSEND = YES;
				GCC_C_LANGUAGE_STANDARD = gnu99;
				GCC_NO_COMMON_BLOCKS = YES;
				GCC_WARN_64_TO_32_BIT_CONVERSION = YES;
				GCC_WARN_ABOUT_RETURN_TYPE = YES_ERROR;
				GCC_WARN_UNDECLARED_SELECTOR = YES;
				GCC_WARN_UNINITIALIZED_AUTOS = YES_AGGRESSIVE;
				GCC_WARN_UNUSED_FUNCTION = YES;
				GCC_WARN_UNUSED_VARIABLE = YES;
				IPHONEOS_DEPLOYMENT_TARGET = 10.1;
				MTL_ENABLE_DEBUG_INFO = NO;
				SDKROOT = iphoneos;
				SWIFT_OPTIMIZATION_LEVEL = "-Owholemodule";
				TARGETED_DEVICE_FAMILY = "1,2";
				VALIDATE_PRODUCT = YES;
			};
			name = Release;
		};
		1C2D6A271DDF298D00A1592E /* Debug */ = {
			isa = XCBuildConfiguration;
			baseConfigurationReference = C0325655CCC8D1E2656D3916 /* Pods-Bonfire.debug.xcconfig */;
			buildSettings = {
				ASSETCATALOG_COMPILER_APPICON_NAME = AppIcon;
				DEVELOPMENT_TEAM = XG5JYTQA2M;
				INFOPLIST_FILE = Bonfire/Info.plist;
				LD_RUNPATH_SEARCH_PATHS = "$(inherited) @executable_path/Frameworks";
				PRODUCT_BUNDLE_IDENTIFIER = com.jakedorne.Bonfire;
				PRODUCT_NAME = "$(TARGET_NAME)";
				SWIFT_VERSION = 3.0;
			};
			name = Debug;
		};
		1C2D6A281DDF298D00A1592E /* Release */ = {
			isa = XCBuildConfiguration;
			baseConfigurationReference = 2A57E8A25233566F2BEE0152 /* Pods-Bonfire.release.xcconfig */;
			buildSettings = {
				ASSETCATALOG_COMPILER_APPICON_NAME = AppIcon;
				DEVELOPMENT_TEAM = XG5JYTQA2M;
				INFOPLIST_FILE = Bonfire/Info.plist;
				LD_RUNPATH_SEARCH_PATHS = "$(inherited) @executable_path/Frameworks";
				PRODUCT_BUNDLE_IDENTIFIER = com.jakedorne.Bonfire;
				PRODUCT_NAME = "$(TARGET_NAME)";
				SWIFT_VERSION = 3.0;
			};
			name = Release;
		};
		1C2D6A2A1DDF298D00A1592E /* Debug */ = {
			isa = XCBuildConfiguration;
			baseConfigurationReference = B2AB9A4430EE68819F1F2C37 /* Pods-BonfireTests.debug.xcconfig */;
			buildSettings = {
				ALWAYS_EMBED_SWIFT_STANDARD_LIBRARIES = YES;
				BUNDLE_LOADER = "$(TEST_HOST)";
				DEVELOPMENT_TEAM = XG5JYTQA2M;
				INFOPLIST_FILE = BonfireTests/Info.plist;
				LD_RUNPATH_SEARCH_PATHS = "$(inherited) @executable_path/Frameworks @loader_path/Frameworks";
				PRODUCT_BUNDLE_IDENTIFIER = com.jakedorne.BonfireTests;
				PRODUCT_NAME = "$(TARGET_NAME)";
				SWIFT_VERSION = 3.0;
				TEST_HOST = "$(BUILT_PRODUCTS_DIR)/Bonfire.app/Bonfire";
			};
			name = Debug;
		};
		1C2D6A2B1DDF298D00A1592E /* Release */ = {
			isa = XCBuildConfiguration;
			baseConfigurationReference = AE03EB150C62D4EE4B36FF5E /* Pods-BonfireTests.release.xcconfig */;
			buildSettings = {
				ALWAYS_EMBED_SWIFT_STANDARD_LIBRARIES = YES;
				BUNDLE_LOADER = "$(TEST_HOST)";
				DEVELOPMENT_TEAM = XG5JYTQA2M;
				INFOPLIST_FILE = BonfireTests/Info.plist;
				LD_RUNPATH_SEARCH_PATHS = "$(inherited) @executable_path/Frameworks @loader_path/Frameworks";
				PRODUCT_BUNDLE_IDENTIFIER = com.jakedorne.BonfireTests;
				PRODUCT_NAME = "$(TARGET_NAME)";
				SWIFT_VERSION = 3.0;
				TEST_HOST = "$(BUILT_PRODUCTS_DIR)/Bonfire.app/Bonfire";
			};
			name = Release;
		};
		1C2D6A2D1DDF298D00A1592E /* Debug */ = {
			isa = XCBuildConfiguration;
			baseConfigurationReference = BEB6712533424DBC4EF5AFF2 /* Pods-BonfireUITests.debug.xcconfig */;
			buildSettings = {
				ALWAYS_EMBED_SWIFT_STANDARD_LIBRARIES = YES;
				DEVELOPMENT_TEAM = XG5JYTQA2M;
				INFOPLIST_FILE = BonfireUITests/Info.plist;
				LD_RUNPATH_SEARCH_PATHS = "$(inherited) @executable_path/Frameworks @loader_path/Frameworks";
				PRODUCT_BUNDLE_IDENTIFIER = com.jakedorne.BonfireUITests;
				PRODUCT_NAME = "$(TARGET_NAME)";
				SWIFT_VERSION = 3.0;
				TEST_TARGET_NAME = Bonfire;
			};
			name = Debug;
		};
		1C2D6A2E1DDF298D00A1592E /* Release */ = {
			isa = XCBuildConfiguration;
			baseConfigurationReference = 5D60452C3C29DECF6F5D0370 /* Pods-BonfireUITests.release.xcconfig */;
			buildSettings = {
				ALWAYS_EMBED_SWIFT_STANDARD_LIBRARIES = YES;
				DEVELOPMENT_TEAM = XG5JYTQA2M;
				INFOPLIST_FILE = BonfireUITests/Info.plist;
				LD_RUNPATH_SEARCH_PATHS = "$(inherited) @executable_path/Frameworks @loader_path/Frameworks";
				PRODUCT_BUNDLE_IDENTIFIER = com.jakedorne.BonfireUITests;
				PRODUCT_NAME = "$(TARGET_NAME)";
				SWIFT_VERSION = 3.0;
				TEST_TARGET_NAME = Bonfire;
			};
			name = Release;
		};
/* End XCBuildConfiguration section */

/* Begin XCConfigurationList section */
		1C2D69F91DDF298D00A1592E /* Build configuration list for PBXProject "Bonfire" */ = {
			isa = XCConfigurationList;
			buildConfigurations = (
				1C2D6A241DDF298D00A1592E /* Debug */,
				1C2D6A251DDF298D00A1592E /* Release */,
			);
			defaultConfigurationIsVisible = 0;
			defaultConfigurationName = Release;
		};
		1C2D6A261DDF298D00A1592E /* Build configuration list for PBXNativeTarget "Bonfire" */ = {
			isa = XCConfigurationList;
			buildConfigurations = (
				1C2D6A271DDF298D00A1592E /* Debug */,
				1C2D6A281DDF298D00A1592E /* Release */,
			);
			defaultConfigurationIsVisible = 0;
		};
		1C2D6A291DDF298D00A1592E /* Build configuration list for PBXNativeTarget "BonfireTests" */ = {
			isa = XCConfigurationList;
			buildConfigurations = (
				1C2D6A2A1DDF298D00A1592E /* Debug */,
				1C2D6A2B1DDF298D00A1592E /* Release */,
			);
			defaultConfigurationIsVisible = 0;
		};
		1C2D6A2C1DDF298D00A1592E /* Build configuration list for PBXNativeTarget "BonfireUITests" */ = {
			isa = XCConfigurationList;
			buildConfigurations = (
				1C2D6A2D1DDF298D00A1592E /* Debug */,
				1C2D6A2E1DDF298D00A1592E /* Release */,
			);
			defaultConfigurationIsVisible = 0;
		};
/* End XCConfigurationList section */
	};
	rootObject = 1C2D69F61DDF298D00A1592E /* Project object */;
}
